lockfile_version: '1'
generated_at: '2026-07-12T04:42:51.766271+00:00'
apm_version: 0.24.0
dependencies:
- repo_url: TheQtCompanyRnD/agent-skills
  name: agent-skills
  host: github.com
  resolved_commit: 71d6c10da78b9a764468ae11c86ab3bc4ca4921f
  resolved_ref: 71d6c10da78b9a764468ae11c86ab3bc4ca4921f
  version: unknown
  virtual_path: skills/qt-cpp-review
  is_virtual: true
  package_type: claude_skill
  deployed_files:
  - .claude/skills/qt-cpp-review
  - .claude/skills/qt-cpp-review/LICENSE.txt
  - .claude/skills/qt-cpp-review/README.md
  - .claude/skills/qt-cpp-review/SKILL.md
  - .claude/skills/qt-cpp-review/platforms/windsurf.md
  - .claude/skills/qt-cpp-review/references/lint-scripts/qt_review_lint.py
  - .claude/skills/qt-cpp-review/references/qt-deprecated-classes.md
  - .claude/skills/qt-cpp-review/references/qt-framework-checklist.md
  - .claude/skills/qt-cpp-review/references/qt-review-checklist.md
  deployed_file_hashes:
    .claude/skills/qt-cpp-review/LICENSE.txt: sha256:886cf7a2a54af4903496fe19ad022766525b7612d8b1adfd59dac7e90a483604
    .claude/skills/qt-cpp-review/README.md: sha256:31a041823c911239ef18fd0cf3edbb7adb1900692b8d221952005684be914f1d
    .claude/skills/qt-cpp-review/SKILL.md: sha256:ca52fa54c1ef5862c8b4357c23b56fc58eb5603683aa09196eea0d137e60921d
    .claude/skills/qt-cpp-review/platforms/windsurf.md: sha256:103c35e3ae13dd99c4ab6885374c1b26160941d5cd21537a03553fdd8f41d06c
    .claude/skills/qt-cpp-review/references/lint-scripts/qt_review_lint.py: sha256:5b6c1df1aa12562a25c8f191faeee67442d402b7e8447001953ed1e62e7974b9
    .claude/skills/qt-cpp-review/references/qt-deprecated-classes.md: sha256:67e079f0bd869bd6238dd784786260d2058500915804911e94829d32e265534a
    .claude/skills/qt-cpp-review/references/qt-framework-checklist.md: sha256:7b461d116705bae11ddd24ddae464fcda4b95119d93f5816612142284526c604
    .claude/skills/qt-cpp-review/references/qt-review-checklist.md: sha256:60f4e5c6a475067b05ccf2380b656cc97040a390d241d0b74f0f3b979eb38315
  content_hash: sha256:fbd485ebf211c173f9304ea38235e9fbcfb7801b0e607b10105fb3c647c37892
- repo_url: cursor/plugins
  name: thermos
  host: github.com
  resolved_commit: a29f5a8ca161b1de4ffc5484454958bebc04eaa5
  resolved_ref: a29f5a8ca161b1de4ffc5484454958bebc04eaa5
  version: 1.0.0
  virtual_path: thermos
  is_virtual: true
  package_type: marketplace_plugin
  deployed_files:
  - .claude/agents/thermo-nuclear-code-quality-review-subagent.md
  - .claude/agents/thermo-nuclear-review-subagent.md
  - .claude/skills/thermo-nuclear-code-quality-review
  - .claude/skills/thermo-nuclear-code-quality-review/SKILL.md
  - .claude/skills/thermo-nuclear-review
  - .claude/skills/thermo-nuclear-review/SKILL.md
  - .claude/skills/thermos
  - .claude/skills/thermos/SKILL.md
  deployed_file_hashes:
    .claude/agents/thermo-nuclear-code-quality-review-subagent.md: sha256:636800f1e5acf501f339779a8867b95d633396930b3356a2b0c9a0018343f02d
    .claude/agents/thermo-nuclear-review-subagent.md: sha256:9dfa8ed88d1ea5d775edb5557b8a8ecfa9f2977b904c55c902b0ceb648b563d0
    .claude/skills/thermo-nuclear-code-quality-review/SKILL.md: sha256:7faca08b51b643b2ddd0836f92af15574444024685dcc1e677dbbb39ae8c9e8f
    .claude/skills/thermo-nuclear-review/SKILL.md: sha256:5091011c4490932d40658ae958fb55b9aaca8e2bba5196860295ab945180e434
    .claude/skills/thermos/SKILL.md: sha256:c272effc404b126d34464e8a1dacec30f6757638db39088ca5afc58dd2c1f472
  content_hash: sha256:71547a01d95289a4613d13e8c5cd7eed66ac83f3b2dcbc0b92894b69fa5fabf7
  declared_license: MIT
- repo_url: jszmajda/lid
  name: arrow-maintenance
  host: github.com
  resolved_commit: a3eb947fa639ddb859bdfcf5aaf861dc872461d5
  resolved_ref: v1.3.0
  version: 1.2.0
  virtual_path: plugins/arrow-maintenance
  is_virtual: true
  package_type: marketplace_plugin
  deployed_files:
  - .claude/commands/arrow-maintenance.md
  - .claude/commands/map-codebase.md
  - .claude/skills/arrow-maintenance
  - .claude/skills/arrow-maintenance/SKILL.md
  - .claude/skills/arrow-maintenance/evals/evals.json
  - .claude/skills/arrow-maintenance/references/README-template.md
  - .claude/skills/arrow-maintenance/references/arrow-doc-template.md
  - .claude/skills/arrow-maintenance/references/audit-checklist.md
  - .claude/skills/arrow-maintenance/references/coherence-check.mjs
  - .claude/skills/arrow-maintenance/references/index-schema.md
  - .claude/skills/map-codebase
  - .claude/skills/map-codebase/SKILL.md
  - .claude/skills/map-codebase/evals/evals.json
  - .claude/skills/map-codebase/references/brownfield-bootstrap.md
  - .claude/skills/map-codebase/references/reconciliation-template.md
  - .claude/skills/map-codebase/references/skeleton-hld-template.md
  - .claude/skills/map-codebase/references/subagent-sweep-prompt.md
  deployed_file_hashes:
    .claude/commands/arrow-maintenance.md: sha256:5d321ff39e4a1b56cf27ee1cb308ed7c9b1e9f9ac32d8527af96d9d0eb0d9381
    .claude/commands/map-codebase.md: sha256:492537785f70fe8f4d75ea1c31b7cca70554183a71583bc1ef97c652cd184ed9
    .claude/skills/arrow-maintenance/SKILL.md: sha256:20ba2a1894f0b7924209c9619d6ce0baaace178bc85adff357bb1579ca4ef564
    .claude/skills/arrow-maintenance/evals/evals.json: sha256:8973236332e3081c1f934212935d2fd0bc9964fb7e22283cf599d374fe922de6
    .claude/skills/arrow-maintenance/references/README-template.md: sha256:7967674ccda43b9e93aede8c1affd73fc1cdebb16c861660146fd90193c7ccce
    .claude/skills/arrow-maintenance/references/arrow-doc-template.md: sha256:a2b543b441f538123e0b18d009e56da9e881c91c8ee01634b948c614201c1db2
    .claude/skills/arrow-maintenance/references/audit-checklist.md: sha256:6e984cda62710ca3132db6635381322715c364afa75f72c2982992bb0c35bd69
    .claude/skills/arrow-maintenance/references/coherence-check.mjs: sha256:016300b14350fb33b5fda4ea233c3ecaeb3a9f4a17f6c5e20947a62ff55dc010
    .claude/skills/arrow-maintenance/references/index-schema.md: sha256:970132fffeef5f0304160dc43f30301ee491595d6e0107c94309703ba2e0a2a5
    .claude/skills/map-codebase/SKILL.md: sha256:d463d0b6d0af602037bda474b80fbbfcffe69603c03f34525be12557c361a070
    .claude/skills/map-codebase/evals/evals.json: sha256:ee7c9b8fc07fdc2863c1a453aa0156d1696f3f65b45a7b3c78639bd6c502bc08
    .claude/skills/map-codebase/references/brownfield-bootstrap.md: sha256:ed0ac690f4bbdc66fdada5185e7ddadecd9c9f5768c451c40fa7f70ccd1b32cf
    .claude/skills/map-codebase/references/reconciliation-template.md: sha256:aaf79e75ef38e978a698a4a30e0eaeefc53bc983aa460f0476970e1a3749badc
    .claude/skills/map-codebase/references/skeleton-hld-template.md: sha256:6efb8c394e414db4f32b48f2aca288a945561a6d48094682de291a284877c7fa
    .claude/skills/map-codebase/references/subagent-sweep-prompt.md: sha256:00607fce0d7b7c52cac21278e0fb160909ff92abc47cdce09915d708c86935bc
  content_hash: sha256:c0831c732b2b83d653b83c538748a5faf5c36e25671ef0c576996f0d910e07a1
  declared_license: MIT
- repo_url: jszmajda/lid
  name: linked-intent-dev
  host: github.com
  resolved_commit: a3eb947fa639ddb859bdfcf5aaf861dc872461d5
  resolved_ref: v1.3.0
  version: 1.3.0
  virtual_path: plugins/linked-intent-dev
  is_virtual: true
  package_type: marketplace_plugin
  deployed_files:
  - .claude/skills/lid-coach
  - .claude/skills/lid-coach/SKILL.md
  - .claude/skills/lid-coach/evals/evals.json
  - .claude/skills/lid-coach/references/lid-faq.md
  - .claude/skills/linked-intent-dev
  - .claude/skills/linked-intent-dev/SKILL.md
  - .claude/skills/linked-intent-dev/references/decision-doc-template.md
  - .claude/skills/linked-intent-dev/references/ears-syntax.md
  - .claude/skills/linked-intent-dev/references/hld-template.md
  - .claude/skills/linked-intent-dev/references/lld-templates.md
  - .claude/skills/update-lid
  - .claude/skills/update-lid/SKILL.md
  - .claude/skills/update-lid/evals/evals.json
  - .claude/skills/update-lid/references/agents-md-template.md
  deployed_file_hashes:
    .claude/skills/lid-coach/SKILL.md: sha256:1096618f9b73be0492c8b658f1104d0e5cbbe1d833cf0c12d068d531ac35204e
    .claude/skills/lid-coach/evals/evals.json: sha256:d972ffa627f0d9e7ab3dad2ebcca67640434275a7cbee5728598ad46cd2ae5ea
    .claude/skills/lid-coach/references/lid-faq.md: sha256:9b256e4c46c50b662b379b1dcde21d4600ccf4232755454da78a6a4a98059aa6
    .claude/skills/linked-intent-dev/SKILL.md: sha256:1ec8b2f5e0e057178cf70721d101fc8aa256e0c42502bb7fcf5e2030f0158edf
    .claude/skills/linked-intent-dev/references/decision-doc-template.md: sha256:ea775b4e1dbf03b0a772b1d2c78ea6b07aac67bc03f9793b18e6b9e04b5d9869
    .claude/skills/linked-intent-dev/references/ears-syntax.md: sha256:6e15b0708528805d00309eb1dfdd7a14d76ac64e21d7cdd0d300a5ed0199f904
    .claude/skills/linked-intent-dev/references/hld-template.md: sha256:f264ed7c67fd6afdbb69da9bc8d49f34473272544fda433ac8366a9d83a34fb6
    .claude/skills/linked-intent-dev/references/lld-templates.md: sha256:788958fe9e82c61785b2fbcb241f3c8ace7fd46723d4bc540cf0f94253cdac0b
    .claude/skills/update-lid/SKILL.md: sha256:17e786702888f82b8c3eacb7724d8bb8459f6e508c85650616e9afa9572a97c3
    .claude/skills/update-lid/evals/evals.json: sha256:efec760816a3241e30aa5abcc976c50a71982f84870f9fc6180bc2c5b6e737bd
    .claude/skills/update-lid/references/agents-md-template.md: sha256:54ef3733a9c54b566190d289649eecf1b32fcf2c7faa8cc75f93bdff6ed7f130
  content_hash: sha256:191afdea9b88c5c23ed19662edf496e2004efe69808af2da382aebc5aa9e3a69
  declared_license: MIT
